// !$*UTF8*$!
{
	archiveVersion = 1;
	classes = {
	};
	objectVersion = 39;
	objects = {
		080E96DDFE201D6D7F000001 = {
			children = (
				264E83CC00E7C16E02CA0F60,
				264E83CD00E7C16E02CA0F60,
			);
			isa = PBXGroup;
			name = Classes;
			refType = 4;
			sourceTree = "<group>";
		};
		089C165CFE840E0CC02AAC07 = {
			children = (
				089C165DFE840E0CC02AAC07,
			);
			isa = PBXVariantGroup;
			name = InfoPlist.strings;
			refType = 4;
			sourceTree = "<group>";
		};
		089C165DFE840E0CC02AAC07 = {
			expectedFileType = text.plist.strings;
			fileEncoding = 10;
			isa = PBXFileReference;
			name = English;
			path = English.lproj/InfoPlist.strings;
			refType = 4;
			sourceTree = "<group>";
		};
//080
//081
//082
//083
//084
//100
//101
//102
//103
//104
		1058C7A0FEA54F0111CA2CBB = {
			children = (
				264E83D400E92BE202CA0F60,
			);
			isa = PBXGroup;
			name = "Linked Frameworks";
			refType = 4;
			sourceTree = "<group>";
		};
		1058C7A2FEA54F0111CA2CBB = {
			children = (
				29B97325FDCFA39411CA2CEA,
				29B97324FDCFA39411CA2CEA,
			);
			isa = PBXGroup;
			name = "Other Frameworks";
			refType = 4;
			sourceTree = "<group>";
		};
//100
//101
//102
//103
//104
//190
//191
//192
//193
//194
		19C28FACFE9D520D11CA2CBB = {
			children = (
				73DB3E61049A83CB00C919A3,
			);
			isa = PBXGroup;
			name = Products;
			refType = 4;
			sourceTree = "<group>";
		};
//190
//191
//192
//193
//194
//260
//261
//262
//263
//264
		263D7D6300F66BFA02CA0F60 = {
			expectedFileType = text.rtf;
			isa = PBXFileReference;
			path = README.rtf;
			refType = 4;
			sourceTree = "<group>";
		};
		264E83CC00E7C16E02CA0F60 = {
			expectedFileType = sourcecode.c.h;
			fileEncoding = 30;
			isa = PBXFileReference;
			path = DrawerController.h;
			refType = 4;
			sourceTree = "<group>";
		};
		264E83CD00E7C16E02CA0F60 = {
			expectedFileType = sourcecode.c.objc;
			fileEncoding = 30;
			isa = PBXFileReference;
			path = DrawerController.m;
			refType = 4;
			sourceTree = "<group>";
		};
		264E83D400E92BE202CA0F60 = {
			expectedFileType = wrapper.framework;
			fallbackIsa = PBXFileReference;
			isa = PBXFrameworkReference;
			name = AppKit.framework;
			path = /System/Library/Frameworks/AppKit.framework;
			refType = 0;
			sourceTree = "<absolute>";
		};
//260
//261
//262
//263
//264
//290
//291
//292
//293
//294
		29B97313FDCFA39411CA2CEA = {
			buildStyles = (
				4A9504CCFFE6A4B311CA0CBA,
				4A9504CDFFE6A4B311CA0CBA,
			);
			hasScannedForEncodings = 1;
			isa = PBXProject;
			mainGroup = 29B97314FDCFA39411CA2CEA;
			projectDirPath = "";
			targets = (
				73DB3E52049A83CB00C919A3,
			);
		};
		29B97314FDCFA39411CA2CEA = {
			children = (
				263D7D6300F66BFA02CA0F60,
				080E96DDFE201D6D7F000001,
				29B97315FDCFA39411CA2CEA,
				29B97317FDCFA39411CA2CEA,
				29B97323FDCFA39411CA2CEA,
				19C28FACFE9D520D11CA2CBB,
				73D80D43049A7F6E00C919A3,
				73DB3E60049A83CB00C919A3,
			);
			isa = PBXGroup;
			name = DrawerMadness;
			path = "";
			refType = 4;
			sourceTree = "<group>";
		};
		29B97315FDCFA39411CA2CEA = {
			children = (
				29B97316FDCFA39411CA2CEA,
			);
			isa = PBXGroup;
			name = "Other Sources";
			path = "";
			refType = 4;
			sourceTree = "<group>";
		};
		29B97316FDCFA39411CA2CEA = {
			expectedFileType = sourcecode.c.objc;
			fileEncoding = 30;
			isa = PBXFileReference;
			path = main.m;
			refType = 4;
			sourceTree = "<group>";
		};
		29B97317FDCFA39411CA2CEA = {
			children = (
				29B97318FDCFA39411CA2CEA,
				089C165CFE840E0CC02AAC07,
			);
			isa = PBXGroup;
			name = Resources;
			path = "";
			refType = 4;
			sourceTree = "<group>";
		};
		29B97318FDCFA39411CA2CEA = {
			children = (
				29B97319FDCFA39411CA2CEA,
			);
			isa = PBXVariantGroup;
			name = MainMenu.nib;
			path = "";
			refType = 4;
			sourceTree = "<group>";
		};
		29B97319FDCFA39411CA2CEA = {
			expectedFileType = wrapper.nib;
			isa = PBXFileReference;
			name = English;
			path = English.lproj/MainMenu.nib;
			refType = 4;
			sourceTree = "<group>";
		};
		29B97323FDCFA39411CA2CEA = {
			children = (
				1058C7A0FEA54F0111CA2CBB,
				1058C7A2FEA54F0111CA2CBB,
			);
			isa = PBXGroup;
			name = Frameworks;
			path = "";
			refType = 4;
			sourceTree = "<group>";
		};
		29B97324FDCFA39411CA2CEA = {
			expectedFileType = wrapper.framework;
			fallbackIsa = PBXFileReference;
			isa = PBXFrameworkReference;
			name = AppKit.framework;
			path = /System/Library/Frameworks/AppKit.framework;
			refType = 0;
			sourceTree = "<absolute>";
		};
		29B97325FDCFA39411CA2CEA = {
			expectedFileType = wrapper.framework;
			fallbackIsa = PBXFileReference;
			isa = PBXFrameworkReference;
			name = Foundation.framework;
			path = /System/Library/Frameworks/Foundation.framework;
			refType = 0;
			sourceTree = "<absolute>";
		};
//290
//291
//292
//293
//294
//4A0
//4A1
//4A2
//4A3
//4A4
		4A9504CCFFE6A4B311CA0CBA = {
			buildRules = (
			);
			buildSettings = {
				COPY_PHASE_STRIP = NO;
				GCC_DYNAMIC_NO_PIC = NO;
				GCC_ENABLE_FIX_AND_CONTINUE = YES;
				GCC_GENERATE_DEBUGGING_SYMBOLS = YES;
				GCC_OPTIMIZATION_LEVEL = 0;
				OPTIMIZATION_CFLAGS = "-O0";
				ZERO_LINK = YES;
			};
			isa = PBXBuildStyle;
			name = Development;
		};
		4A9504CDFFE6A4B311CA0CBA = {
			buildRules = (
			);
			buildSettings = {
				COPY_PHASE_STRIP = YES;
				GCC_ENABLE_FIX_AND_CONTINUE = NO;
				ZERO_LINK = NO;
			};
			isa = PBXBuildStyle;
			name = Deployment;
		};
//4A0
//4A1
//4A2
//4A3
//4A4
//730
//731
//732
//733
//734
		734E63B0049E6BE500C919A3 = {
			compilerSpec = com.apple.compilers.gcc.3_3;
			fileType = sourcecode.c;
			isEditable = 1;
			isa = PBXBuildRule;
			outputFiles = (
			);
		};
		73D80D43049A7F6E00C919A3 = {
			expectedFileType = sourcecode.c.h;
			fileEncoding = 30;
			isa = PBXFileReference;
			path = Prefix.h;
			refType = 4;
			sourceTree = "<group>";
		};
		73DB3E52049A83CB00C919A3 = {
			buildPhases = (
				73DB3E53049A83CB00C919A3,
				73DB3E56049A83CB00C919A3,
				73DB3E5A049A83CB00C919A3,
				73DB3E5D049A83CB00C919A3,
			);
			buildRules = (
				734E63B0049E6BE500C919A3,
			);
			buildSettings = {
				FRAMEWORK_SEARCH_PATHS = "";
				GCC_PRECOMPILE_PREFIX_HEADER = YES;
				GCC_PREFIX_HEADER = Prefix.h;
				GCC_WARN_FOUR_CHARACTER_CONSTANTS = NO;
				GCC_WARN_UNKNOWN_PRAGMAS = NO;
				HEADER_SEARCH_PATHS = "";
				INFOPLIST_FILE = "Info-DrawerMadness__Upgraded_.plist";
				INSTALL_PATH = "$(LOCAL_DEVELOPER_DIR)/Demos";
				LIBRARY_SEARCH_PATHS = "";
				OTHER_CFLAGS = "";
				OTHER_LDFLAGS = "";
				PRODUCT_NAME = DrawerMadness;
				SECTORDER_FLAGS = "";
				WARNING_CFLAGS = "-Wmost";
				WRAPPER_EXTENSION = app;
			};
			dependencies = (
			);
			isa = PBXNativeTarget;
			name = DrawerMadness;
			productInstallPath = "$(LOCAL_DEVELOPER_DIR)/Demos";
			productName = DrawerMadness;
			productReference = 73DB3E61049A83CB00C919A3;
			productType = "com.apple.product-type.application";
		};
		73DB3E53049A83CB00C919A3 = {
			buildActionMask = 2147483647;
			files = (
				73DB3E54049A83CB00C919A3,
				73DB3E55049A83CB00C919A3,
			);
			isa = PBXHeadersBuildPhase;
			runOnlyForDeploymentPostprocessing = 0;
		};
		73DB3E54049A83CB00C919A3 = {
			fileRef = 264E83CC00E7C16E02CA0F60;
			isa = PBXBuildFile;
			settings = {
			};
		};
		73DB3E55049A83CB00C919A3 = {
			fileRef = 73D80D43049A7F6E00C919A3;
			isa = PBXBuildFile;
			settings = {
			};
		};
		73DB3E56049A83CB00C919A3 = {
			buildActionMask = 2147483647;
			files = (
				73DB3E57049A83CB00C919A3,
				73DB3E58049A83CB00C919A3,
				73DB3E59049A83CB00C919A3,
			);
			isa = PBXResourcesBuildPhase;
			runOnlyForDeploymentPostprocessing = 0;
		};
		73DB3E57049A83CB00C919A3 = {
			fileRef = 29B97318FDCFA39411CA2CEA;
			isa = PBXBuildFile;
			settings = {
			};
		};
		73DB3E58049A83CB00C919A3 = {
			fileRef = 089C165CFE840E0CC02AAC07;
			isa = PBXBuildFile;
			settings = {
			};
		};
		73DB3E59049A83CB00C919A3 = {
			fileRef = 263D7D6300F66BFA02CA0F60;
			isa = PBXBuildFile;
			settings = {
			};
		};
		73DB3E5A049A83CB00C919A3 = {
			buildActionMask = 2147483647;
			files = (
				73DB3E5B049A83CB00C919A3,
				73DB3E5C049A83CB00C919A3,
			);
			isa = PBXSourcesBuildPhase;
			runOnlyForDeploymentPostprocessing = 0;
		};
		73DB3E5B049A83CB00C919A3 = {
			fileRef = 29B97316FDCFA39411CA2CEA;
			isa = PBXBuildFile;
			settings = {
				ATTRIBUTES = (
				);
			};
		};
		73DB3E5C049A83CB00C919A3 = {
			fileRef = 264E83CD00E7C16E02CA0F60;
			isa = PBXBuildFile;
			settings = {
			};
		};
		73DB3E5D049A83CB00C919A3 = {
			buildActionMask = 2147483647;
			files = (
				73DB3E5E049A83CB00C919A3,
			);
			isa = PBXFrameworksBuildPhase;
			runOnlyForDeploymentPostprocessing = 0;
		};
		73DB3E5E049A83CB00C919A3 = {
			fileRef = 264E83D400E92BE202CA0F60;
			isa = PBXBuildFile;
			settings = {
			};
		};
		73DB3E60049A83CB00C919A3 = {
			expectedFileType = text.plist;
			isa = PBXFileReference;
			path = "Info-DrawerMadness__Upgraded_.plist";
			refType = 4;
			sourceTree = "<group>";
		};
		73DB3E61049A83CB00C919A3 = {
			expectedFileType = wrapper.application;
			includeInIndex = 0;
			isa = PBXFileReference;
			path = DrawerMadness.app;
			refType = 3;
			sourceTree = BUILT_PRODUCTS_DIR;
		};
	};
	rootObject = 29B97313FDCFA39411CA2CEA;
}
